// !$*UTF8*$!
{
	archiveVersion = 1;
	classes = {
	};
	objectVersion = 56;
	objects = {

/* Begin PBXBuildFile section */
		147AD56D2CF2671700127D24 /* TaskDetailsProtocols.swift in Sources */ = {isa = PBXBuildFile; fileRef = 147AD56C2CF2671700127D24 /* TaskDetailsProtocols.swift */; };
		147AD56F2CF2672D00127D24 /* TaskDetailsConfigurator.swift in Sources */ = {isa = PBXBuildFile; fileRef = 147AD56E2CF2672D00127D24 /* TaskDetailsConfigurator.swift */; };
		147AD5712CF2684200127D24 /* TaskDetailsRouter.swift in Sources */ = {isa = PBXBuildFile; fileRef = 147AD5702CF2684200127D24 /* TaskDetailsRouter.swift */; };
		147AD5732CF268BF00127D24 /* TaskDetailsInteractor.swift in Sources */ = {isa = PBXBuildFile; fileRef = 147AD5722CF268BF00127D24 /* TaskDetailsInteractor.swift */; };
		147AD5752CF2690700127D24 /* TaskDetailsPresenter.swift in Sources */ = {isa = PBXBuildFile; fileRef = 147AD5742CF2690700127D24 /* TaskDetailsPresenter.swift */; };
		147AD5772CF2699E00127D24 /* TaskDetailsViewController.swift in Sources */ = {isa = PBXBuildFile; fileRef = 147AD5762CF2699E00127D24 /* TaskDetailsViewController.swift */; };
		148555032CF0D92600D983F7 /* AppDelegate.swift in Sources */ = {isa = PBXBuildFile; fileRef = 148555022CF0D92600D983F7 /* AppDelegate.swift */; };
		148555052CF0D92600D983F7 /* SceneDelegate.swift in Sources */ = {isa = PBXBuildFile; fileRef = 148555042CF0D92600D983F7 /* SceneDelegate.swift */; };
		1485550C2CF0D92800D983F7 /* Assets.xcassets in Resources */ = {isa = PBXBuildFile; fileRef = 1485550B2CF0D92800D983F7 /* Assets.xcassets */; };
		1485550F2CF0D92800D983F7 /* LaunchScreen.storyboard in Resources */ = {isa = PBXBuildFile; fileRef = 1485550D2CF0D92800D983F7 /* LaunchScreen.storyboard */; };
		148C42A22CF23CBA0064B6BA /* DateFormatterHelper.swift in Sources */ = {isa = PBXBuildFile; fileRef = 148C42A12CF23CBA0064B6BA /* DateFormatterHelper.swift */; };
		148FB5D62CF12A2C0017D420 /* Appearance.swift in Sources */ = {isa = PBXBuildFile; fileRef = 148FB5D52CF12A2C0017D420 /* Appearance.swift */; };
		148FB5D92CF12B000017D420 /* UIColor+Hex.swift in Sources */ = {isa = PBXBuildFile; fileRef = 148FB5D82CF12B000017D420 /* UIColor+Hex.swift */; };
		148FB5DD2CF1698E0017D420 /* String+Strikethrough.swift in Sources */ = {isa = PBXBuildFile; fileRef = 148FB5DC2CF1698E0017D420 /* String+Strikethrough.swift */; };
		1495895C2CF36606009B34D3 /* NetworkManager.swift in Sources */ = {isa = PBXBuildFile; fileRef = 1495895B2CF36606009B34D3 /* NetworkManager.swift */; };
		1495895F2CF368C1009B34D3 /* TaskDTO.swift in Sources */ = {isa = PBXBuildFile; fileRef = 1495895E2CF368C1009B34D3 /* TaskDTO.swift */; };
		149589612CF36925009B34D3 /* NetworkService.swift in Sources */ = {isa = PBXBuildFile; fileRef = 149589602CF36925009B34D3 /* NetworkService.swift */; };
		149589632CF36C38009B34D3 /* APIConstants.swift in Sources */ = {isa = PBXBuildFile; fileRef = 149589622CF36C38009B34D3 /* APIConstants.swift */; };
		149589652CF375D4009B34D3 /* Task+TaskViewModel.swift in Sources */ = {isa = PBXBuildFile; fileRef = 149589642CF375D4009B34D3 /* Task+TaskViewModel.swift */; };
		149589672CF375F9009B34D3 /* Task+TaskDTO.swift in Sources */ = {isa = PBXBuildFile; fileRef = 149589662CF375F9009B34D3 /* Task+TaskDTO.swift */; };
		14B8C1172CF0DD3300F8228B /* TaskListProtocols.swift in Sources */ = {isa = PBXBuildFile; fileRef = 14B8C1162CF0DD3300F8228B /* TaskListProtocols.swift */; };
		14B8C1192CF0F6C300F8228B /* TaskListViewController.swift in Sources */ = {isa = PBXBuildFile; fileRef = 14B8C1182CF0F6C300F8228B /* TaskListViewController.swift */; };
		14B8C1202CF0F72D00F8228B /* TaskListEntity.swift in Sources */ = {isa = PBXBuildFile; fileRef = 14B8C11F2CF0F72D00F8228B /* TaskListEntity.swift */; };
		14B8C1222CF0F74200F8228B /* TaskListRouter.swift in Sources */ = {isa = PBXBuildFile; fileRef = 14B8C1212CF0F74200F8228B /* TaskListRouter.swift */; };
		14B8C1242CF0F74F00F8228B /* TaskListInteractor.swift in Sources */ = {isa = PBXBuildFile; fileRef = 14B8C1232CF0F74F00F8228B /* TaskListInteractor.swift */; };
		14B8C1262CF0F75D00F8228B /* TaskListPresenter.swift in Sources */ = {isa = PBXBuildFile; fileRef = 14B8C1252CF0F75D00F8228B /* TaskListPresenter.swift */; };
		14B8C1282CF0F77C00F8228B /* TaskListConfigurator.swift in Sources */ = {isa = PBXBuildFile; fileRef = 14B8C1272CF0F77C00F8228B /* TaskListConfigurator.swift */; };
		14B8C12B2CF100CE00F8228B /* TaskViewCell.swift in Sources */ = {isa = PBXBuildFile; fileRef = 14B8C12A2CF100CE00F8228B /* TaskViewCell.swift */; };
		14B8C12D2CF1124100F8228B /* TaskListViewModel.swift in Sources */ = {isa = PBXBuildFile; fileRef = 14B8C12C2CF1124100F8228B /* TaskListViewModel.swift */; };
/* End PBXBuildFile section */

/* Begin PBXFileReference section */
		147AD56C2CF2671700127D24 /* TaskDetailsProtocols.swift */ = {isa = PBXFileReference; lastKnownFileType = sourcecode.swift; path = TaskDetailsProtocols.swift; sourceTree = "<group>"; };
		147AD56E2CF2672D00127D24 /* TaskDetailsConfigurator.swift */ = {isa = PBXFileReference; lastKnownFileType = sourcecode.swift; path = TaskDetailsConfigurator.swift; sourceTree = "<group>"; };
		147AD5702CF2684200127D24 /* TaskDetailsRouter.swift */ = {isa = PBXFileReference; lastKnownFileType = sourcecode.swift; path = TaskDetailsRouter.swift; sourceTree = "<group>"; };
		147AD5722CF268BF00127D24 /* TaskDetailsInteractor.swift */ = {isa = PBXFileReference; lastKnownFileType = sourcecode.swift; path = TaskDetailsInteractor.swift; sourceTree = "<group>"; };
		147AD5742CF2690700127D24 /* TaskDetailsPresenter.swift */ = {isa = PBXFileReference; lastKnownFileType = sourcecode.swift; path = TaskDetailsPresenter.swift; sourceTree = "<group>"; };
		147AD5762CF2699E00127D24 /* TaskDetailsViewController.swift */ = {isa = PBXFileReference; lastKnownFileType = sourcecode.swift; path = TaskDetailsViewController.swift; sourceTree = "<group>"; };
		148554FF2CF0D92600D983F7 /* EffectiveToDoList.app */ = {isa = PBXFileReference; explicitFileType = wrapper.application; includeInIndex = 0; path = EffectiveToDoList.app; sourceTree = BUILT_PRODUCTS_DIR; };
		148555022CF0D92600D983F7 /* AppDelegate.swift */ = {isa = PBXFileReference; lastKnownFileType = sourcecode.swift; path = AppDelegate.swift; sourceTree = "<group>"; };
		148555042CF0D92600D983F7 /* SceneDelegate.swift */ = {isa = PBXFileReference; lastKnownFileType = sourcecode.swift; path = SceneDelegate.swift; sourceTree = "<group>"; };
		1485550B2CF0D92800D983F7 /* Assets.xcassets */ = {isa = PBXFileReference; lastKnownFileType = folder.assetcatalog; path = Assets.xcassets; sourceTree = "<group>"; };
		1485550E2CF0D92800D983F7 /* Base */ = {isa = PBXFileReference; lastKnownFileType = file.storyboard; name = Base; path = Base.lproj/LaunchScreen.storyboard; sourceTree = "<group>"; };
		148555102CF0D92800D983F7 /* Info.plist */ = {isa = PBXFileReference; lastKnownFileType = text.plist.xml; path = Info.plist; sourceTree = "<group>"; };
		148C42A12CF23CBA0064B6BA /* DateFormatterHelper.swift */ = {isa = PBXFileReference; lastKnownFileType = sourcecode.swift; path = DateFormatterHelper.swift; sourceTree = "<group>"; };
		148FB5D52CF12A2C0017D420 /* Appearance.swift */ = {isa = PBXFileReference; lastKnownFileType = sourcecode.swift; path = Appearance.swift; sourceTree = "<group>"; };
		148FB5D82CF12B000017D420 /* UIColor+Hex.swift */ = {isa = PBXFileReference; lastKnownFileType = sourcecode.swift; path = "UIColor+Hex.swift"; sourceTree = "<group>"; };
		148FB5DC2CF1698E0017D420 /* String+Strikethrough.swift */ = {isa = PBXFileReference; lastKnownFileType = sourcecode.swift; path = "String+Strikethrough.swift"; sourceTree = "<group>"; };
		1495895B2CF36606009B34D3 /* NetworkManager.swift */ = {isa = PBXFileReference; lastKnownFileType = sourcecode.swift; path = NetworkManager.swift; sourceTree = "<group>"; };
		1495895E2CF368C1009B34D3 /* TaskDTO.swift */ = {isa = PBXFileReference; lastKnownFileType = sourcecode.swift; path = TaskDTO.swift; sourceTree = "<group>"; };
		149589602CF36925009B34D3 /* NetworkService.swift */ = {isa = PBXFileReference; lastKnownFileType = sourcecode.swift; path = NetworkService.swift; sourceTree = "<group>"; };
		149589622CF36C38009B34D3 /* APIConstants.swift */ = {isa = PBXFileReference; lastKnownFileType = sourcecode.swift; path = APIConstants.swift; sourceTree = "<group>"; };
		149589642CF375D4009B34D3 /* Task+TaskViewModel.swift */ = {isa = PBXFileReference; lastKnownFileType = sourcecode.swift; path = "Task+TaskViewModel.swift"; sourceTree = "<group>"; };
		149589662CF375F9009B34D3 /* Task+TaskDTO.swift */ = {isa = PBXFileReference; lastKnownFileType = sourcecode.swift; path = "Task+TaskDTO.swift"; sourceTree = "<group>"; };
		14B8C1162CF0DD3300F8228B /* TaskListProtocols.swift */ = {isa = PBXFileReference; lastKnownFileType = sourcecode.swift; path = TaskListProtocols.swift; sourceTree = "<group>"; };
		14B8C1182CF0F6C300F8228B /* TaskListViewController.swift */ = {isa = PBXFileReference; lastKnownFileType = sourcecode.swift; path = TaskListViewController.swift; sourceTree = "<group>"; };
		14B8C11F2CF0F72D00F8228B /* TaskListEntity.swift */ = {isa = PBXFileReference; lastKnownFileType = sourcecode.swift; path = TaskListEntity.swift; sourceTree = "<group>"; };
		14B8C1212CF0F74200F8228B /* TaskListRouter.swift */ = {isa = PBXFileReference; lastKnownFileType = sourcecode.swift; path = TaskListRouter.swift; sourceTree = "<group>"; };
		14B8C1232CF0F74F00F8228B /* TaskListInteractor.swift */ = {isa = PBXFileReference; lastKnownFileType = sourcecode.swift; path = TaskListInteractor.swift; sourceTree = "<group>"; };
		14B8C1252CF0F75D00F8228B /* TaskListPresenter.swift */ = {isa = PBXFileReference; lastKnownFileType = sourcecode.swift; path = TaskListPresenter.swift; sourceTree = "<group>"; };
		14B8C1272CF0F77C00F8228B /* TaskListConfigurator.swift */ = {isa = PBXFileReference; lastKnownFileType = sourcecode.swift; path = TaskListConfigurator.swift; sourceTree = "<group>"; };
		14B8C12A2CF100CE00F8228B /* TaskViewCell.swift */ = {isa = PBXFileReference; lastKnownFileType = sourcecode.swift; path = TaskViewCell.swift; sourceTree = "<group>"; };
		14B8C12C2CF1124100F8228B /* TaskListViewModel.swift */ = {isa = PBXFileReference; lastKnownFileType = sourcecode.swift; path = TaskListViewModel.swift; sourceTree = "<group>"; };
/* End PBXFileReference section */

/* Begin PBXFrameworksBuildPhase section */
		148554FC2CF0D92600D983F7 /* Frameworks */ = {
			isa = PBXFrameworksBuildPhase;
			buildActionMask = 2147483647;
			files = (
			);
			runOnlyForDeploymentPostprocessing = 0;
		};
/* End PBXFrameworksBuildPhase section */

/* Begin PBXGroup section */
		147AD5682CF266ED00127D24 /* Router */ = {
			isa = PBXGroup;
			children = (
				147AD5702CF2684200127D24 /* TaskDetailsRouter.swift */,
			);
			path = Router;
			sourceTree = "<group>";
		};
		147AD5692CF266F300127D24 /* Interactor */ = {
			isa = PBXGroup;
			children = (
				147AD5722CF268BF00127D24 /* TaskDetailsInteractor.swift */,
			);
			path = Interactor;
			sourceTree = "<group>";
		};
		147AD56A2CF266FA00127D24 /* Presenter */ = {
			isa = PBXGroup;
			children = (
				147AD5742CF2690700127D24 /* TaskDetailsPresenter.swift */,
			);
			path = Presenter;
			sourceTree = "<group>";
		};
		147AD56B2CF266FE00127D24 /* View */ = {
			isa = PBXGroup;
			children = (
				147AD5762CF2699E00127D24 /* TaskDetailsViewController.swift */,
			);
			path = View;
			sourceTree = "<group>";
		};
		148554F62CF0D92600D983F7 = {
			isa = PBXGroup;
			children = (
				148555012CF0D92600D983F7 /* EffectiveToDoList */,
				148555002CF0D92600D983F7 /* Products */,
			);
			sourceTree = "<group>";
		};
		148555002CF0D92600D983F7 /* Products */ = {
			isa = PBXGroup;
			children = (
				148554FF2CF0D92600D983F7 /* EffectiveToDoList.app */,
			);
			name = Products;
			sourceTree = "<group>";
		};
		148555012CF0D92600D983F7 /* EffectiveToDoList */ = {
			isa = PBXGroup;
			children = (
				148C42A02CF23C9D0064B6BA /* Helpers */,
				148FB5D72CF12AE70017D420 /* Extensions */,
				1485551A2CF0DA1F00D983F7 /* Modules */,
				148555192CF0DA1B00D983F7 /* Storage */,
				148555182CF0DA1500D983F7 /* Network */,
				148555172CF0D9FC00D983F7 /* Resources */,
				148555162CF0D9D900D983F7 /* App */,
				1485550D2CF0D92800D983F7 /* LaunchScreen.storyboard */,
				148555102CF0D92800D983F7 /* Info.plist */,
			);
			path = EffectiveToDoList;
			sourceTree = "<group>";
		};
		148555162CF0D9D900D983F7 /* App */ = {
			isa = PBXGroup;
			children = (
				148555022CF0D92600D983F7 /* AppDelegate.swift */,
				148555042CF0D92600D983F7 /* SceneDelegate.swift */,
			);
			path = App;
			sourceTree = "<group>";
		};
		148555172CF0D9FC00D983F7 /* Resources */ = {
			isa = PBXGroup;
			children = (
				1485550B2CF0D92800D983F7 /* Assets.xcassets */,
				148FB5D52CF12A2C0017D420 /* Appearance.swift */,
			);
			path = Resources;
			sourceTree = "<group>";
		};
		148555182CF0DA1500D983F7 /* Network */ = {
			isa = PBXGroup;
			children = (
				1495895D2CF368A9009B34D3 /* Model */,
				1495895B2CF36606009B34D3 /* NetworkManager.swift */,
				149589602CF36925009B34D3 /* NetworkService.swift */,
				149589622CF36C38009B34D3 /* APIConstants.swift */,
			);
			path = Network;
			sourceTree = "<group>";
		};
		148555192CF0DA1B00D983F7 /* Storage */ = {
			isa = PBXGroup;
			children = (
			);
			path = Storage;
			sourceTree = "<group>";
		};
		1485551A2CF0DA1F00D983F7 /* Modules */ = {
			isa = PBXGroup;
			children = (
				1485551B2CF0DACD00D983F7 /* TaskList */,
				1485551C2CF0DAD400D983F7 /* TaskDetails */,
			);
			path = Modules;
			sourceTree = "<group>";
		};
		1485551B2CF0DACD00D983F7 /* TaskList */ = {
			isa = PBXGroup;
			children = (
				14B8C11E2CF0F6FC00F8228B /* Entity */,
				14B8C11D2CF0F6F300F8228B /* Router */,
				14B8C11C2CF0F6EB00F8228B /* Interactor */,
				14B8C11B2CF0F6D500F8228B /* Presenter */,
				14B8C11A2CF0F6C900F8228B /* View */,
				14B8C1162CF0DD3300F8228B /* TaskListProtocols.swift */,
				14B8C1272CF0F77C00F8228B /* TaskListConfigurator.swift */,
			);
			path = TaskList;
			sourceTree = "<group>";
		};
		1485551C2CF0DAD400D983F7 /* TaskDetails */ = {
			isa = PBXGroup;
			children = (
				147AD5682CF266ED00127D24 /* Router */,
				147AD5692CF266F300127D24 /* Interactor */,
				147AD56A2CF266FA00127D24 /* Presenter */,
				147AD56B2CF266FE00127D24 /* View */,
				147AD56C2CF2671700127D24 /* TaskDetailsProtocols.swift */,
				147AD56E2CF2672D00127D24 /* TaskDetailsConfigurator.swift */,
			);
			path = TaskDetails;
			sourceTree = "<group>";
		};
		148C42A02CF23C9D0064B6BA /* Helpers */ = {
			isa = PBXGroup;
			children = (
				148C42A12CF23CBA0064B6BA /* DateFormatterHelper.swift */,
			);
			path = Helpers;
			sourceTree = "<group>";
		};
		148FB5D72CF12AE70017D420 /* Extensions */ = {
			isa = PBXGroup;
			children = (
				148FB5D82CF12B000017D420 /* UIColor+Hex.swift */,
				148FB5DC2CF1698E0017D420 /* String+Strikethrough.swift */,
				149589642CF375D4009B34D3 /* Task+TaskViewModel.swift */,
				149589662CF375F9009B34D3 /* Task+TaskDTO.swift */,
			);
			path = Extensions;
			sourceTree = "<group>";
		};
		1495895D2CF368A9009B34D3 /* Model */ = {
			isa = PBXGroup;
			children = (
				1495895E2CF368C1009B34D3 /* TaskDTO.swift */,
			);
			path = Model;
			sourceTree = "<group>";
		};
		14B8C11A2CF0F6C900F8228B /* View */ = {
			isa = PBXGroup;
			children = (
				14B8C1292CF1004B00F8228B /* Cell */,
				14B8C1182CF0F6C300F8228B /* TaskListViewController.swift */,
				14B8C12C2CF1124100F8228B /* TaskListViewModel.swift */,
			);
			path = View;
			sourceTree = "<group>";
		};
		14B8C11B2CF0F6D500F8228B /* Presenter */ = {
			isa = PBXGroup;
			children = (
				14B8C1252CF0F75D00F8228B /* TaskListPresenter.swift */,
			);
			path = Presenter;
			sourceTree = "<group>";
		};
		14B8C11C2CF0F6EB00F8228B /* Interactor */ = {
			isa = PBXGroup;
			children = (
				14B8C1232CF0F74F00F8228B /* TaskListInteractor.swift */,
			);
			path = Interactor;
			sourceTree = "<group>";
		};
		14B8C11D2CF0F6F300F8228B /* Router */ = {
			isa = PBXGroup;
			children = (
				14B8C1212CF0F74200F8228B /* TaskListRouter.swift */,
			);
			path = Router;
			sourceTree = "<group>";
		};
		14B8C11E2CF0F6FC00F8228B /* Entity */ = {
			isa = PBXGroup;
			children = (
				14B8C11F2CF0F72D00F8228B /* TaskListEntity.swift */,
			);
			path = Entity;
			sourceTree = "<group>";
		};
		14B8C1292CF1004B00F8228B /* Cell */ = {
			isa = PBXGroup;
			children = (
				14B8C12A2CF100CE00F8228B /* TaskViewCell.swift */,
			);
			path = Cell;
			sourceTree = "<group>";
		};
/* End PBXGroup section */

/* Begin PBXNativeTarget section */
		148554FE2CF0D92600D983F7 /* EffectiveToDoList */ = {
			isa = PBXNativeTarget;
			buildConfigurationList = 148555132CF0D92800D983F7 /* Build configuration list for PBXNativeTarget "EffectiveToDoList" */;
			buildPhases = (
				148554FB2CF0D92600D983F7 /* Sources */,
				148554FC2CF0D92600D983F7 /* Frameworks */,
				148554FD2CF0D92600D983F7 /* Resources */,
			);
			buildRules = (
			);
			dependencies = (
			);
			name = EffectiveToDoList;
			productName = EffectiveToDoList;
			productReference = 148554FF2CF0D92600D983F7 /* EffectiveToDoList.app */;
			productType = "com.apple.product-type.application";
		};
/* End PBXNativeTarget section */

/* Begin PBXProject section */
		148554F72CF0D92600D983F7 /* Project object */ = {
			isa = PBXProject;
			attributes = {
				BuildIndependentTargetsInParallel = 1;
				LastSwiftUpdateCheck = 1520;
				LastUpgradeCheck = 1520;
				TargetAttributes = {
					148554FE2CF0D92600D983F7 = {
						CreatedOnToolsVersion = 15.2;
					};
				};
			};
			buildConfigurationList = 148554FA2CF0D92600D983F7 /* Build configuration list for PBXProject "EffectiveToDoList" */;
			compatibilityVersion = "Xcode 14.0";
			developmentRegion = en;
			hasScannedForEncodings = 0;
			knownRegions = (
				en,
				Base,
			);
			mainGroup = 148554F62CF0D92600D983F7;
			productRefGroup = 148555002CF0D92600D983F7 /* Products */;
			projectDirPath = "";
			projectRoot = "";
			targets = (
				148554FE2CF0D92600D983F7 /* EffectiveToDoList */,
			);
		};
/* End PBXProject section */

/* Begin PBXResourcesBuildPhase section */
		148554FD2CF0D92600D983F7 /* Resources */ = {
			isa = PBXResourcesBuildPhase;
			buildActionMask = 2147483647;
			files = (
				1485550F2CF0D92800D983F7 /* LaunchScreen.storyboard in Resources */,
				1485550C2CF0D92800D983F7 /* Assets.xcassets in Resources */,
			);
			runOnlyForDeploymentPostprocessing = 0;
		};
/* End PBXResourcesBuildPhase section */

/* Begin PBXSourcesBuildPhase section */
		148554FB2CF0D92600D983F7 /* Sources */ = {
			isa = PBXSourcesBuildPhase;
			buildActionMask = 2147483647;
			files = (
				148FB5DD2CF1698E0017D420 /* String+Strikethrough.swift in Sources */,
				14B8C1282CF0F77C00F8228B /* TaskListConfigurator.swift in Sources */,
				14B8C12D2CF1124100F8228B /* TaskListViewModel.swift in Sources */,
				147AD56D2CF2671700127D24 /* TaskDetailsProtocols.swift in Sources */,
				149589652CF375D4009B34D3 /* Task+TaskViewModel.swift in Sources */,
				1495895C2CF36606009B34D3 /* NetworkManager.swift in Sources */,
				147AD5712CF2684200127D24 /* TaskDetailsRouter.swift in Sources */,
				148555032CF0D92600D983F7 /* AppDelegate.swift in Sources */,
				14B8C1262CF0F75D00F8228B /* TaskListPresenter.swift in Sources */,
				147AD5772CF2699E00127D24 /* TaskDetailsViewController.swift in Sources */,
				14B8C1172CF0DD3300F8228B /* TaskListProtocols.swift in Sources */,
				149589612CF36925009B34D3 /* NetworkService.swift in Sources */,
				149589632CF36C38009B34D3 /* APIConstants.swift in Sources */,
				148C42A22CF23CBA0064B6BA /* DateFormatterHelper.swift in Sources */,
				148555052CF0D92600D983F7 /* SceneDelegate.swift in Sources */,
				149589672CF375F9009B34D3 /* Task+TaskDTO.swift in Sources */,
				1495895F2CF368C1009B34D3 /* TaskDTO.swift in Sources */,
				147AD5752CF2690700127D24 /* TaskDetailsPresenter.swift in Sources */,
				147AD56F2CF2672D00127D24 /* TaskDetailsConfigurator.swift in Sources */,
				14B8C1192CF0F6C300F8228B /* TaskListViewController.swift in Sources */,
				148FB5D62CF12A2C0017D420 /* Appearance.swift in Sources */,
				14B8C1242CF0F74F00F8228B /* TaskListInteractor.swift in Sources */,
				147AD5732CF268BF00127D24 /* TaskDetailsInteractor.swift in Sources */,
				148FB5D92CF12B000017D420 /* UIColor+Hex.swift in Sources */,
				14B8C12B2CF100CE00F8228B /* TaskViewCell.swift in Sources */,
				14B8C1202CF0F72D00F8228B /* TaskListEntity.swift in Sources */,
				14B8C1222CF0F74200F8228B /* TaskListRouter.swift in Sources */,
			);
			runOnlyForDeploymentPostprocessing = 0;
		};
/* End PBXSourcesBuildPhase section */

/* Begin PBXVariantGroup section */
		1485550D2CF0D92800D983F7 /* LaunchScreen.storyboard */ = {
			isa = PBXVariantGroup;
			children = (
				1485550E2CF0D92800D983F7 /* Base */,
			);
			name = LaunchScreen.storyboard;
			sourceTree = "<group>";
		};
/* End PBXVariantGroup section */

/* Begin XCBuildConfiguration section */
		148555112CF0D92800D983F7 /* Debug */ = {
			isa = XCBuildConfiguration;
			buildSettings = {
				ALWAYS_SEARCH_USER_PATHS = NO;
				ASSETCATALOG_COMPILER_GENERATE_SWIFT_ASSET_SYMBOL_EXTENSIONS = YES;
				CLANG_ANALYZER_NONNULL = YES;
				CLANG_ANALYZER_NUMBER_OBJECT_CONVERSION = YES_AGGRESSIVE;
				CLANG_CXX_LANGUAGE_STANDARD = "gnu++20";
				CLANG_ENABLE_MODULES = YES;
				CLANG_ENABLE_OBJC_ARC = YES;
				CLANG_ENABLE_OBJC_WEAK = YES;
				CLANG_WARN_BLOCK_CAPTURE_AUTORELEASING = YES;
				CLANG_WARN_BOOL_CONVERSION = YES;
				CLANG_WARN_COMMA = YES;
				CLANG_WARN_CONSTANT_CONVERSION = YES;
				CLANG_WARN_DEPRECATED_OBJC_IMPLEMENTATIONS = YES;
				CLANG_WARN_DIRECT_OBJC_ISA_USAGE = YES_ERROR;
				CLANG_WARN_DOCUMENTATION_COMMENTS = YES;
				CLANG_WARN_EMPTY_BODY = YES;
				CLANG_WARN_ENUM_CONVERSION = YES;
				CLANG_WARN_INFINITE_RECURSION = YES;
				CLANG_WARN_INT_CONVERSION = YES;
				CLANG_WARN_NON_LITERAL_NULL_CONVERSION = YES;
				CLANG_WARN_OBJC_IMPLICIT_RETAIN_SELF = YES;
				CLANG_WARN_OBJC_LITERAL_CONVERSION = YES;
				CLANG_WARN_OBJC_ROOT_CLASS = YES_ERROR;
				CLANG_WARN_QUOTED_INCLUDE_IN_FRAMEWORK_HEADER = YES;
				CLANG_WARN_RANGE_LOOP_ANALYSIS = YES;
				CLANG_WARN_STRICT_PROTOTYPES = YES;
				CLANG_WARN_SUSPICIOUS_MOVE = YES;
				CLANG_WARN_UNGUARDED_AVAILABILITY = YES_AGGRESSIVE;
				CLANG_WARN_UNREACHABLE_CODE = YES;
				CLANG_WARN__DUPLICATE_METHOD_MATCH = YES;
				COPY_PHASE_STRIP = NO;
				DEBUG_INFORMATION_FORMAT = dwarf;
				ENABLE_STRICT_OBJC_MSGSEND = YES;
				ENABLE_TESTABILITY = YES;
				ENABLE_USER_SCRIPT_SANDBOXING = YES;
				GCC_C_LANGUAGE_STANDARD = gnu17;
				GCC_DYNAMIC_NO_PIC = NO;
				GCC_NO_COMMON_BLOCKS = YES;
				GCC_OPTIMIZATION_LEVEL = 0;
				GCC_PREPROCESSOR_DEFINITIONS = (
					"DEBUG=1",
					"$(inherited)",
				);
				GCC_WARN_64_TO_32_BIT_CONVERSION = YES;
				GCC_WARN_ABOUT_RETURN_TYPE = YES_ERROR;
				GCC_WARN_UNDECLARED_SELECTOR = YES;
				GCC_WARN_UNINITIALIZED_AUTOS = YES_AGGRESSIVE;
				GCC_WARN_UNUSED_FUNCTION = YES;
				GCC_WARN_UNUSED_VARIABLE = YES;
				IPHONEOS_DEPLOYMENT_TARGET = 17.2;
				LOCALIZATION_PREFERS_STRING_CATALOGS = YES;
				MTL_ENABLE_DEBUG_INFO = INCLUDE_SOURCE;
				MTL_FAST_MATH = YES;
				ONLY_ACTIVE_ARCH = YES;
				SDKROOT = iphoneos;
				SWIFT_ACTIVE_COMPILATION_CONDITIONS = "DEBUG $(inherited)";
				SWIFT_OPTIMIZATION_LEVEL = "-Onone";
			};
			name = Debug;
		};
		148555122CF0D92800D983F7 /* Release */ = {
			isa = XCBuildConfiguration;
			buildSettings = {
				ALWAYS_SEARCH_USER_PATHS = NO;
				ASSETCATALOG_COMPILER_GENERATE_SWIFT_ASSET_SYMBOL_EXTENSIONS = YES;
				CLANG_ANALYZER_NONNULL = YES;
				CLANG_ANALYZER_NUMBER_OBJECT_CONVERSION = YES_AGGRESSIVE;
				CLANG_CXX_LANGUAGE_STANDARD = "gnu++20";
				CLANG_ENABLE_MODULES = YES;
				CLANG_ENABLE_OBJC_ARC = YES;
				CLANG_ENABLE_OBJC_WEAK = YES;
				CLANG_WARN_BLOCK_CAPTURE_AUTORELEASING = YES;
				CLANG_WARN_BOOL_CONVERSION = YES;
				CLANG_WARN_COMMA = YES;
				CLANG_WARN_CONSTANT_CONVERSION = YES;
				CLANG_WARN_DEPRECATED_OBJC_IMPLEMENTATIONS = YES;
				CLANG_WARN_DIRECT_OBJC_ISA_USAGE = YES_ERROR;
				CLANG_WARN_DOCUMENTATION_COMMENTS = YES;
				CLANG_WARN_EMPTY_BODY = YES;
				CLANG_WARN_ENUM_CONVERSION = YES;
				CLANG_WARN_INFINITE_RECURSION = YES;
				CLANG_WARN_INT_CONVERSION = YES;
				CLANG_WARN_NON_LITERAL_NULL_CONVERSION = YES;
				CLANG_WARN_OBJC_IMPLICIT_RETAIN_SELF = YES;
				CLANG_WARN_OBJC_LITERAL_CONVERSION = YES;
				CLANG_WARN_OBJC_ROOT_CLASS = YES_ERROR;
				CLANG_WARN_QUOTED_INCLUDE_IN_FRAMEWORK_HEADER = YES;
				CLANG_WARN_RANGE_LOOP_ANALYSIS = YES;
				CLANG_WARN_STRICT_PROTOTYPES = YES;
				CLANG_WARN_SUSPICIOUS_MOVE = YES;
				CLANG_WARN_UNGUARDED_AVAILABILITY = YES_AGGRESSIVE;
				CLANG_WARN_UNREACHABLE_CODE = YES;
				CLANG_WARN__DUPLICATE_METHOD_MATCH = YES;
				COPY_PHASE_STRIP = NO;
				DEBUG_INFORMATION_FORMAT = "dwarf-with-dsym";
				ENABLE_NS_ASSERTIONS = NO;
				ENABLE_STRICT_OBJC_MSGSEND = YES;
				ENABLE_USER_SCRIPT_SANDBOXING = YES;
				GCC_C_LANGUAGE_STANDARD = gnu17;
				GCC_NO_COMMON_BLOCKS = YES;
				GCC_WARN_64_TO_32_BIT_CONVERSION = YES;
				GCC_WARN_ABOUT_RETURN_TYPE = YES_ERROR;
				GCC_WARN_UNDECLARED_SELECTOR = YES;
				GCC_WARN_UNINITIALIZED_AUTOS = YES_AGGRESSIVE;
				GCC_WARN_UNUSED_FUNCTION = YES;
				GCC_WARN_UNUSED_VARIABLE = YES;
				IPHONEOS_DEPLOYMENT_TARGET = 17.2;
				LOCALIZATION_PREFERS_STRING_CATALOGS = YES;
				MTL_ENABLE_DEBUG_INFO = NO;
				MTL_FAST_MATH = YES;
				SDKROOT = iphoneos;
				SWIFT_COMPILATION_MODE = wholemodule;
				VALIDATE_PRODUCT = YES;
			};
			name = Release;
		};
		148555142CF0D92800D983F7 /* Debug */ = {
			isa = XCBuildConfiguration;
			buildSettings = {
				ASSETCATALOG_COMPILER_APPICON_NAME = AppIcon;
				ASSETCATALOG_COMPILER_GLOBAL_ACCENT_COLOR_NAME = AccentColor;
				CODE_SIGN_STYLE = Automatic;
				CURRENT_PROJECT_VERSION = 1;
				GENERATE_INFOPLIST_FILE = YES;
				INFOPLIST_FILE = EffectiveToDoList/Info.plist;
				INFOPLIST_KEY_UIApplicationSupportsIndirectInputEvents = YES;
				INFOPLIST_KEY_UILaunchStoryboardName = LaunchScreen;
				INFOPLIST_KEY_UISupportedInterfaceOrientations_iPad = "UIInterfaceOrientationPortrait UIInterfaceOrientationPortraitUpsideDown UIInterfaceOrientationLandscapeLeft UIInterfaceOrientationLandscapeRight";
				INFOPLIST_KEY_UISupportedInterfaceOrientations_iPhone = "UIInterfaceOrientationPortrait UIInterfaceOrientationLandscapeLeft UIInterfaceOrientationLandscapeRight";
				LD_RUNPATH_SEARCH_PATHS = (
					"$(inherited)",
					"@executable_path/Frameworks",
				);
				MARKETING_VERSION = 1.0;
				PRODUCT_BUNDLE_IDENTIFIER = "com.test-project.EffectiveToDoList";
				PRODUCT_NAME = "$(TARGET_NAME)";
				SWIFT_EMIT_LOC_STRINGS = YES;
				SWIFT_VERSION = 5.0;
				TARGETED_DEVICE_FAMILY = "1,2";
			};
			name = Debug;
		};
		148555152CF0D92800D983F7 /* Release */ = {
			isa = XCBuildConfiguration;
			buildSettings = {
				ASSETCATALOG_COMPILER_APPICON_NAME = AppIcon;
				ASSETCATALOG_COMPILER_GLOBAL_ACCENT_COLOR_NAME = AccentColor;
				CODE_SIGN_STYLE = Automatic;
				CURRENT_PROJECT_VERSION = 1;
				GENERATE_INFOPLIST_FILE = YES;
				INFOPLIST_FILE = EffectiveToDoList/Info.plist;
				INFOPLIST_KEY_UIApplicationSupportsIndirectInputEvents = YES;
				INFOPLIST_KEY_UILaunchStoryboardName = LaunchScreen;
				INFOPLIST_KEY_UISupportedInterfaceOrientations_iPad = "UIInterfaceOrientationPortrait UIInterfaceOrientationPortraitUpsideDown UIInterfaceOrientationLandscapeLeft UIInterfaceOrientationLandscapeRight";
				INFOPLIST_KEY_UISupportedInterfaceOrientations_iPhone = "UIInterfaceOrientationPortrait UIInterfaceOrientationLandscapeLeft UIInterfaceOrientationLandscapeRight";
				LD_RUNPATH_SEARCH_PATHS = (
					"$(inherited)",
					"@executable_path/Frameworks",
				);
				MARKETING_VERSION = 1.0;
				PRODUCT_BUNDLE_IDENTIFIER = "com.test-project.EffectiveToDoList";
				PRODUCT_NAME = "$(TARGET_NAME)";
				SWIFT_EMIT_LOC_STRINGS = YES;
				SWIFT_VERSION = 5.0;
				TARGETED_DEVICE_FAMILY = "1,2";
			};
			name = Release;
		};
/* End XCBuildConfiguration section */

/* Begin XCConfigurationList section */
		148554FA2CF0D92600D983F7 /* Build configuration list for PBXProject "EffectiveToDoList" */ = {
			isa = XCConfigurationList;
			buildConfigurations = (
				148555112CF0D92800D983F7 /* Debug */,
				148555122CF0D92800D983F7 /* Release */,
			);
			defaultConfigurationIsVisible = 0;
			defaultConfigurationName = Release;
		};
		148555132CF0D92800D983F7 /* Build configuration list for PBXNativeTarget "EffectiveToDoList" */ = {
			isa = XCConfigurationList;
			buildConfigurations = (
				148555142CF0D92800D983F7 /* Debug */,
				148555152CF0D92800D983F7 /* Release */,
			);
			defaultConfigurationIsVisible = 0;
			defaultConfigurationName = Release;
		};
/* End XCConfigurationList section */
	};
	rootObject = 148554F72CF0D92600D983F7 /* Project object */;
}
